
Microsoft Visual Studio Solution File, Format Version 12.00
# Visual Studio Version 16
VisualStudioVersion = 16.0.30011.22
MinimumVisualStudioVersion = 10.0.40219.1
Project("{FAE04EC0-301F-11D3-BF4B-00C04F79EFBC}") = "Burnbytes", "Burnbytes\Burnbytes.csproj", "{986C377A-A9CE-4FD1-BA44-280146F5BAF6}"
EndProject
Global
	GlobalSection(SolutionConfigurationPlatforms) = preSolution
		Debug|Any CPU = Debug|Any CPU
		Release|Any CPU = Release|Any CPU
	EndGlobalSection
	GlobalSection(ProjectConfigurationPlatforms) = postSolution
		{986C377A-A9CE-4FD1-BA44-280146F5BAF6}.Debug|Any CPU.ActiveCfg = Debug|Any CPU
		{986C377A-A9CE-4FD1-BA44-280146F5BAF6}.Debug|Any CPU.Build.0 = Debug|Any CPU
		{986C377A-A9CE-4FD1-BA44-280146F5BAF6}.Release|Any CPU.ActiveCfg = Release|Any CPU
		{986C377A-A9CE-4FD1-BA44-280146F5BAF6}.Release|Any CPU.Build.0 = Release|Any CPU
	EndGlobalSection
	GlobalSection(SolutionProperties) = preSolution
		HideSolutionNode = FALSE
	EndGlobalSection
	GlobalSection(ExtensibilityGlobals) = postSolution
		SolutionGuid = {49A0C502-EEC7-4B4D-931C-BA32284B7205}
	EndGlobalSection
EndGlobal
